
Microsoft Visual Studio Solution File, Format Version 12.00
# Visual Studio Version 17
VisualStudioVersion = 17.2.32616.157
MinimumVisualStudioVersion = 10.0.40219.1
Project("{8BC9CEB8-8B4A-11D0-8D11-00A0C91BC942}") = "ChessAI", "ChessAI\ChessAI.vcxproj", "{46265B56-A038-4F30-A0DD-3A1069EC8AE0}"
EndProject
Global
	GlobalSection(SolutionConfigurationPlatforms) = preSolution
		Debug|x64 = Debug|x64
		Debug|x86 = Debug|x86
		Release|x64 = Release|x64
		Release|x86 = Release|x86
	EndGlobalSection
	GlobalSection(ProjectConfigurationPlatforms) = postSolution
		{46265B56-A038-4F30-A0DD-3A1069EC8AE0}.Debug|x64.ActiveCfg = Debug|x64
		{46265B56-A038-4F30-A0DD-3A1069EC8AE0}.Debug|x64.Build.0 = Debug|x64
		{46265B56-A038-4F30-A0DD-3A1069EC8AE0}.Debug|x86.ActiveCfg = Debug|Win32
		{46265B56-A038-4F30-A0DD-3A1069EC8AE0}.Debug|x86.Build.0 = Debug|Win32
		{46265B56-A038-4F30-A0DD-3A1069EC8AE0}.Release|x64.ActiveCfg = Release|x64
		{46265B56-A038-4F30-A0DD-3A1069EC8AE0}.Release|x64.Build.0 = Release|x64
		{46265B56-A038-4F30-A0DD-3A1069EC8AE0}.Release|x86.ActiveCfg = Release|Win32
		{46265B56-A038-4F30-A0DD-3A1069EC8AE0}.Release|x86.Build.0 = Release|Win32
	EndGlobalSection
	GlobalSection(SolutionProperties) = preSolution
		HideSolutionNode = FALSE
	EndGlobalSection
	GlobalSection(ExtensibilityGlobals) = postSolution
		SolutionGuid = {FD9965C8-F439-4B9B-AB00-99872D0CFA19}
	EndGlobalSection
EndGlobal
